
Microsoft Visual Studio Solution File, Format Version 12.00
Project("{FAE04EC0-301F-11D3-BF4B-00C04F79EFBC}") = "ShoppingList", "ShoppingList\ShoppingList.csproj", "{BDE01572-0F87-4199-BAA2-A85F9EBC4984}"
EndProject
Global
	GlobalSection(SolutionConfigurationPlatforms) = preSolution
		Debug|Any CPU = Debug|Any CPU
		Release|Any CPU = Release|Any CPU
	EndGlobalSection
	GlobalSection(ProjectConfigurationPlatforms) = postSolution
		{BDE01572-0F87-4199-BAA2-A85F9EBC4984}.Debug|Any CPU.ActiveCfg = Debug|Any CPU
		{BDE01572-0F87-4199-BAA2-A85F9EBC4984}.Debug|Any CPU.Build.0 = Debug|Any CPU
		{BDE01572-0F87-4199-BAA2-A85F9EBC4984}.Release|Any CPU.ActiveCfg = Release|Any CPU
		{BDE01572-0F87-4199-BAA2-A85F9EBC4984}.Release|Any CPU.Build.0 = Release|Any CPU
	EndGlobalSection
EndGlobal
